<?xml version="1.0" encoding="utf-8"?>
<Project ToolsVersion="4.0" xmlns="http://schemas.microsoft.com/developer/msbuild/2003">
  <ItemGroup>
    <ClCompile Include="..\SmartRenameLib\Helpers.cpp" />
    <ClCompile Include="..\SmartRenameLib\Settings.cpp" />
    <ClCompile Include="..\SmartRenameLib\SmartRenameEnum.cpp" />
    <ClCompile Include="..\SmartRenameLib\SmartRenameItem.cpp" />
    <ClCompile Include="..\SmartRenameLib\SmartRenameManager.cpp" />
    <ClCompile Include="..\SmartRenameLib\SmartRenameRegEx.cpp" />
    <ClCompile Include="smartrename_pch.cpp">
      <Filter>precompiled</Filter>
    </ClCompile>
  </ItemGroup>
  <ItemGroup>
    <ClInclude Include="smartrename_pch.h">
      <Filter>precompiled</Filter>
    </ClInclude>
    <ClInclude Include="..\SmartRenameLib\srwlock.h">
      <Filter>Headers</Filter>
    </ClInclude>
    <ClInclude Include="..\SmartRenameLib\SmartRenameRegEx.h">
      <Filter>Headers</Filter>
    </ClInclude>
    <ClInclude Include="..\SmartRenameLib\SmartRenameManager.h">
      <Filter>Headers</Filter>
    </ClInclude>
    <ClInclude Include="..\SmartRenameLib\SmartRenameItem.h">
      <Filter>Headers</Filter>
    </ClInclude>
    <ClInclude Include="..\SmartRenameLib\SmartRenameInterfaces.h">
      <Filter>Headers</Filter>
    </ClInclude>
    <ClInclude Include="..\SmartRenameLib\SmartRenameEnum.h">
      <Filter>Headers</Filter>
    </ClInclude>
    <ClInclude Include="..\SmartRenameLib\Settings.h">
      <Filter>Headers</Filter>
    </ClInclude>
    <ClInclude Include="..\SmartRenameLib\Helpers.h">
      <Filter>Headers</Filter>
    </ClInclude>
  </ItemGroup>
  <ItemGroup>
    <Filter Include="precompiled">
      <UniqueIdentifier>{33a25002-588f-4034-a700-b8a782f48114}</UniqueIdentifier>
    </Filter>
    <Filter Include="Headers">
      <UniqueIdentifier>{10f07c91-7a78-4979-90e0-050958dc484d}</UniqueIdentifier>
    </Filter>
  </ItemGroup>
</Project>