
Microsoft Visual Studio Solution File, Format Version 10.00
# Visual Studio 2008
Project("{8BC9CEB8-8B4A-11D0-8D11-00A0C91BC942}") = "smartrenameext", "projects\smartrenameext.vcproj", "{14367308-EC25-4D42-A2DA-2582C99F6DCC}"
EndProject
Project("{8BC9CEB8-8B4A-11D0-8D11-00A0C91BC942}") = "smartrenamelib", "projects\smartrenamelib.vcproj", "{0F97C841-3EFB-42BA-90C8-69C558A78DB3}"
EndProject
Project("{8BC9CEB8-8B4A-11D0-8D11-00A0C91BC942}") = "smartrenameui", "projects\smartrenameui.vcproj", "{0E072714-D127-460B-AFAD-B4C40B412798}"
EndProject
Project("{2150E333-8FDC-42A3-9474-1A3956D46DE8}") = "DLL", "DLL", "{263A1963-8BDE-43EE-A77A-2791B70D7C15}"
EndProject
Project("{2150E333-8FDC-42A3-9474-1A3956D46DE8}") = "Libraries", "Libraries", "{6AEADEFF-3356-4D35-91FE-B05D998B7FFB}"
EndProject
Project("{2150E333-8FDC-42A3-9474-1A3956D46DE8}") = "Tests", "Tests", "{BB2C93A6-A09E-458E-961B-5B094DCABECF}"
EndProject
Project("{8BC9CEB8-8B4A-11D0-8D11-00A0C91BC942}") = "smartrenametest", "projects\smartrenametest.vcproj", "{A3935CF4-46C5-4A88-84D3-6B12E16E6BA2}"
EndProject
Project("{8BC9CEB8-8B4A-11D0-8D11-00A0C91BC942}") = "smartrenamelibunittests", "projects\smartrenamelibunittests.vcproj", "{2151F984-E006-4A9F-92EF-C6DDE3DC8413}"
EndProject
Global
	GlobalSection(SolutionConfigurationPlatforms) = preSolution
		Debug|Win32 = Debug|Win32
		Debug|x64 = Debug|x64
		Release|Win32 = Release|Win32
		Release|x64 = Release|x64
	EndGlobalSection
	GlobalSection(ProjectConfigurationPlatforms) = postSolution
		{14367308-EC25-4D42-A2DA-2582C99F6DCC}.Debug|Win32.ActiveCfg = Debug|Win32
		{14367308-EC25-4D42-A2DA-2582C99F6DCC}.Debug|Win32.Build.0 = Debug|Win32
		{14367308-EC25-4D42-A2DA-2582C99F6DCC}.Debug|x64.ActiveCfg = Debug|x64
		{14367308-EC25-4D42-A2DA-2582C99F6DCC}.Debug|x64.Build.0 = Debug|x64
		{14367308-EC25-4D42-A2DA-2582C99F6DCC}.Release|Win32.ActiveCfg = Release|Win32
		{14367308-EC25-4D42-A2DA-2582C99F6DCC}.Release|Win32.Build.0 = Release|Win32
		{14367308-EC25-4D42-A2DA-2582C99F6DCC}.Release|x64.ActiveCfg = Release|x64
		{14367308-EC25-4D42-A2DA-2582C99F6DCC}.Release|x64.Build.0 = Release|x64
		{0F97C841-3EFB-42BA-90C8-69C558A78DB3}.Debug|Win32.ActiveCfg = Debug|Win32
		{0F97C841-3EFB-42BA-90C8-69C558A78DB3}.Debug|Win32.Build.0 = Debug|Win32
		{0F97C841-3EFB-42BA-90C8-69C558A78DB3}.Debug|x64.ActiveCfg = Debug|x64
		{0F97C841-3EFB-42BA-90C8-69C558A78DB3}.Debug|x64.Build.0 = Debug|x64
		{0F97C841-3EFB-42BA-90C8-69C558A78DB3}.Release|Win32.ActiveCfg = Release|Win32
		{0F97C841-3EFB-42BA-90C8-69C558A78DB3}.Release|Win32.Build.0 = Release|Win32
		{0F97C841-3EFB-42BA-90C8-69C558A78DB3}.Release|x64.ActiveCfg = Release|x64
		{0F97C841-3EFB-42BA-90C8-69C558A78DB3}.Release|x64.Build.0 = Release|x64
		{0E072714-D127-460B-AFAD-B4C40B412798}.Debug|Win32.ActiveCfg = Debug|Win32
		{0E072714-D127-460B-AFAD-B4C40B412798}.Debug|Win32.Build.0 = Debug|Win32
		{0E072714-D127-460B-AFAD-B4C40B412798}.Debug|x64.ActiveCfg = Debug|x64
		{0E072714-D127-460B-AFAD-B4C40B412798}.Debug|x64.Build.0 = Debug|x64
		{0E072714-D127-460B-AFAD-B4C40B412798}.Release|Win32.ActiveCfg = Release|Win32
		{0E072714-D127-460B-AFAD-B4C40B412798}.Release|Win32.Build.0 = Release|Win32
		{0E072714-D127-460B-AFAD-B4C40B412798}.Release|x64.ActiveCfg = Release|x64
		{0E072714-D127-460B-AFAD-B4C40B412798}.Release|x64.Build.0 = Release|x64
		{A3935CF4-46C5-4A88-84D3-6B12E16E6BA2}.Debug|Win32.ActiveCfg = Debug|Win32
		{A3935CF4-46C5-4A88-84D3-6B12E16E6BA2}.Debug|Win32.Build.0 = Debug|Win32
		{A3935CF4-46C5-4A88-84D3-6B12E16E6BA2}.Debug|x64.ActiveCfg = Debug|x64
		{A3935CF4-46C5-4A88-84D3-6B12E16E6BA2}.Debug|x64.Build.0 = Debug|x64
		{A3935CF4-46C5-4A88-84D3-6B12E16E6BA2}.Release|Win32.ActiveCfg = Release|Win32
		{A3935CF4-46C5-4A88-84D3-6B12E16E6BA2}.Release|Win32.Build.0 = Release|Win32
		{A3935CF4-46C5-4A88-84D3-6B12E16E6BA2}.Release|x64.ActiveCfg = Release|x64
		{A3935CF4-46C5-4A88-84D3-6B12E16E6BA2}.Release|x64.Build.0 = Release|x64
		{2151F984-E006-4A9F-92EF-C6DDE3DC8413}.Debug|Win32.ActiveCfg = Debug|Win32
		{2151F984-E006-4A9F-92EF-C6DDE3DC8413}.Debug|Win32.Build.0 = Debug|Win32
		{2151F984-E006-4A9F-92EF-C6DDE3DC8413}.Debug|x64.ActiveCfg = Debug|x64
		{2151F984-E006-4A9F-92EF-C6DDE3DC8413}.Debug|x64.Build.0 = Debug|x64
		{2151F984-E006-4A9F-92EF-C6DDE3DC8413}.Release|Win32.ActiveCfg = Release|Win32
		{2151F984-E006-4A9F-92EF-C6DDE3DC8413}.Release|Win32.Build.0 = Release|Win32
		{2151F984-E006-4A9F-92EF-C6DDE3DC8413}.Release|x64.ActiveCfg = Release|x64
		{2151F984-E006-4A9F-92EF-C6DDE3DC8413}.Release|x64.Build.0 = Release|x64
	EndGlobalSection
	GlobalSection(SolutionProperties) = preSolution
		HideSolutionNode = FALSE
	EndGlobalSection
	GlobalSection(NestedProjects) = preSolution
		{14367308-EC25-4D42-A2DA-2582C99F6DCC} = {263A1963-8BDE-43EE-A77A-2791B70D7C15}
		{0E072714-D127-460B-AFAD-B4C40B412798} = {6AEADEFF-3356-4D35-91FE-B05D998B7FFB}
		{0F97C841-3EFB-42BA-90C8-69C558A78DB3} = {6AEADEFF-3356-4D35-91FE-B05D998B7FFB}
		{A3935CF4-46C5-4A88-84D3-6B12E16E6BA2} = {BB2C93A6-A09E-458E-961B-5B094DCABECF}
		{2151F984-E006-4A9F-92EF-C6DDE3DC8413} = {BB2C93A6-A09E-458E-961B-5B094DCABECF}
	EndGlobalSection
EndGlobal
