
Microsoft Visual Studio Solution File, Format Version 12.00
# Visual Studio Version 17
VisualStudioVersion = 17.5.33530.505
MinimumVisualStudioVersion = 10.0.40219.1
Project("{8BC9CEB8-8B4A-11D0-8D11-00A0C91BC942}") = "SmartRenameLib", "projects\SmartRenameLib.vcxproj", "{51920F1F-C28C-4ADF-8660-4238766796C2}"
EndProject
Project("{8BC9CEB8-8B4A-11D0-8D11-00A0C91BC942}") = "SmartRenameUnitTests", "projects\SmartRenameLibUnitTests.vcxproj", "{2151F984-E006-4A9F-92EF-C6DDE3DC8413}"
	ProjectSection(ProjectDependencies) = postProject
		{0E072714-D127-460B-AFAD-B4C40B412798} = {0E072714-D127-460B-AFAD-B4C40B412798}
		{51920F1F-C28C-4ADF-8660-4238766796C2} = {51920F1F-C28C-4ADF-8660-4238766796C2}
	EndProjectSection
EndProject
Project("{8BC9CEB8-8B4A-11D0-8D11-00A0C91BC942}") = "SmartRenameExt", "projects\SmartRenameExt.vcxproj", "{B25AC7A5-FB9F-4789-B392-D5C85E948670}"
	ProjectSection(ProjectDependencies) = postProject
		{0E072714-D127-460B-AFAD-B4C40B412798} = {0E072714-D127-460B-AFAD-B4C40B412798}
		{51920F1F-C28C-4ADF-8660-4238766796C2} = {51920F1F-C28C-4ADF-8660-4238766796C2}
	EndProjectSection
EndProject
Project("{8BC9CEB8-8B4A-11D0-8D11-00A0C91BC942}") = "SmartRenameUI", "projects\SmartRenameUI.vcxproj", "{0E072714-D127-460B-AFAD-B4C40B412798}"
EndProject
Project("{8BC9CEB8-8B4A-11D0-8D11-00A0C91BC942}") = "SmartRenameTest", "projects\SmartRenameTest.vcxproj", "{A3935CF4-46C5-4A88-84D3-6B12E16E6BA2}"
	ProjectSection(ProjectDependencies) = postProject
		{0E072714-D127-460B-AFAD-B4C40B412798} = {0E072714-D127-460B-AFAD-B4C40B412798}
		{51920F1F-C28C-4ADF-8660-4238766796C2} = {51920F1F-C28C-4ADF-8660-4238766796C2}
	EndProjectSection
EndProject
Project("{2150E333-8FDC-42A3-9474-1A3956D46DE8}") = "tests", "tests", "{09F09B7D-3963-477F-821C-D08A3B7700E5}"
EndProject
Project("{2150E333-8FDC-42A3-9474-1A3956D46DE8}") = "libraries", "libraries", "{6E7DECAA-CFC3-451F-898D-66A54F45FDE9}"
EndProject
Project("{2150E333-8FDC-42A3-9474-1A3956D46DE8}") = "DLL", "DLL", "{7A7FCE3B-9889-40D5-A0F1-A706367AEFDE}"
EndProject
Global
	GlobalSection(SolutionConfigurationPlatforms) = preSolution
		Debug|x64 = Debug|x64
		Debug|x86 = Debug|x86
		Release|x64 = Release|x64
		Release|x86 = Release|x86
	EndGlobalSection
	GlobalSection(ProjectConfigurationPlatforms) = postSolution
		{51920F1F-C28C-4ADF-8660-4238766796C2}.Debug|x64.ActiveCfg = Debug|x64
		{51920F1F-C28C-4ADF-8660-4238766796C2}.Debug|x64.Build.0 = Debug|x64
		{51920F1F-C28C-4ADF-8660-4238766796C2}.Debug|x86.ActiveCfg = Debug|Win32
		{51920F1F-C28C-4ADF-8660-4238766796C2}.Debug|x86.Build.0 = Debug|Win32
		{51920F1F-C28C-4ADF-8660-4238766796C2}.Release|x64.ActiveCfg = Release|x64
		{51920F1F-C28C-4ADF-8660-4238766796C2}.Release|x64.Build.0 = Release|x64
		{51920F1F-C28C-4ADF-8660-4238766796C2}.Release|x86.ActiveCfg = Release|Win32
		{51920F1F-C28C-4ADF-8660-4238766796C2}.Release|x86.Build.0 = Release|Win32
		{2151F984-E006-4A9F-92EF-C6DDE3DC8413}.Debug|x64.ActiveCfg = Debug|x64
		{2151F984-E006-4A9F-92EF-C6DDE3DC8413}.Debug|x64.Build.0 = Debug|x64
		{2151F984-E006-4A9F-92EF-C6DDE3DC8413}.Debug|x86.ActiveCfg = Debug|Win32
		{2151F984-E006-4A9F-92EF-C6DDE3DC8413}.Debug|x86.Build.0 = Debug|Win32
		{2151F984-E006-4A9F-92EF-C6DDE3DC8413}.Release|x64.ActiveCfg = Release|x64
		{2151F984-E006-4A9F-92EF-C6DDE3DC8413}.Release|x64.Build.0 = Release|x64
		{2151F984-E006-4A9F-92EF-C6DDE3DC8413}.Release|x86.ActiveCfg = Release|Win32
		{2151F984-E006-4A9F-92EF-C6DDE3DC8413}.Release|x86.Build.0 = Release|Win32
		{B25AC7A5-FB9F-4789-B392-D5C85E948670}.Debug|x64.ActiveCfg = Debug|x64
		{B25AC7A5-FB9F-4789-B392-D5C85E948670}.Debug|x64.Build.0 = Debug|x64
		{B25AC7A5-FB9F-4789-B392-D5C85E948670}.Debug|x86.ActiveCfg = Debug|Win32
		{B25AC7A5-FB9F-4789-B392-D5C85E948670}.Debug|x86.Build.0 = Debug|Win32
		{B25AC7A5-FB9F-4789-B392-D5C85E948670}.Release|x64.ActiveCfg = Release|x64
		{B25AC7A5-FB9F-4789-B392-D5C85E948670}.Release|x64.Build.0 = Release|x64
		{B25AC7A5-FB9F-4789-B392-D5C85E948670}.Release|x86.ActiveCfg = Release|Win32
		{B25AC7A5-FB9F-4789-B392-D5C85E948670}.Release|x86.Build.0 = Release|Win32
		{0E072714-D127-460B-AFAD-B4C40B412798}.Debug|x64.ActiveCfg = Debug|x64
		{0E072714-D127-460B-AFAD-B4C40B412798}.Debug|x64.Build.0 = Debug|x64
		{0E072714-D127-460B-AFAD-B4C40B412798}.Debug|x86.ActiveCfg = Debug|Win32
		{0E072714-D127-460B-AFAD-B4C40B412798}.Debug|x86.Build.0 = Debug|Win32
		{0E072714-D127-460B-AFAD-B4C40B412798}.Release|x64.ActiveCfg = Release|x64
		{0E072714-D127-460B-AFAD-B4C40B412798}.Release|x64.Build.0 = Release|x64
		{0E072714-D127-460B-AFAD-B4C40B412798}.Release|x86.ActiveCfg = Release|Win32
		{0E072714-D127-460B-AFAD-B4C40B412798}.Release|x86.Build.0 = Release|Win32
		{A3935CF4-46C5-4A88-84D3-6B12E16E6BA2}.Debug|x64.ActiveCfg = Debug|x64
		{A3935CF4-46C5-4A88-84D3-6B12E16E6BA2}.Debug|x64.Build.0 = Debug|x64
		{A3935CF4-46C5-4A88-84D3-6B12E16E6BA2}.Debug|x86.ActiveCfg = Debug|Win32
		{A3935CF4-46C5-4A88-84D3-6B12E16E6BA2}.Debug|x86.Build.0 = Debug|Win32
		{A3935CF4-46C5-4A88-84D3-6B12E16E6BA2}.Release|x64.ActiveCfg = Release|x64
		{A3935CF4-46C5-4A88-84D3-6B12E16E6BA2}.Release|x64.Build.0 = Release|x64
		{A3935CF4-46C5-4A88-84D3-6B12E16E6BA2}.Release|x86.ActiveCfg = Release|Win32
		{A3935CF4-46C5-4A88-84D3-6B12E16E6BA2}.Release|x86.Build.0 = Release|Win32
	EndGlobalSection
	GlobalSection(SolutionProperties) = preSolution
		HideSolutionNode = FALSE
	EndGlobalSection
	GlobalSection(NestedProjects) = preSolution
		{51920F1F-C28C-4ADF-8660-4238766796C2} = {6E7DECAA-CFC3-451F-898D-66A54F45FDE9}
		{2151F984-E006-4A9F-92EF-C6DDE3DC8413} = {09F09B7D-3963-477F-821C-D08A3B7700E5}
		{B25AC7A5-FB9F-4789-B392-D5C85E948670} = {7A7FCE3B-9889-40D5-A0F1-A706367AEFDE}
		{0E072714-D127-460B-AFAD-B4C40B412798} = {6E7DECAA-CFC3-451F-898D-66A54F45FDE9}
		{A3935CF4-46C5-4A88-84D3-6B12E16E6BA2} = {09F09B7D-3963-477F-821C-D08A3B7700E5}
	EndGlobalSection
	GlobalSection(ExtensibilityGlobals) = postSolution
		SolutionGuid = {3AEE4420-DAC9-41CE-BEEB-962181D17814}
	EndGlobalSection
EndGlobal
